// !$*UTF8*$!
{
	archiveVersion = 1;
	classes = {
	};
	objectVersion = 56;
	objects = {

/* Begin PBXBuildFile section */
		5022826929981DFA00B4B02C /* RMCollectionCell.swift in Sources */ = {isa = PBXBuildFile; fileRef = 5022826829981DFA00B4B02C /* RMCollectionCell.swift */; };
		503FA388298AF06200171FD1 /* RMNetworkManager.swift in Sources */ = {isa = PBXBuildFile; fileRef = 503FA387298AF06200171FD1 /* RMNetworkManager.swift */; };
		503FA38A298AF06E00171FD1 /* RMRequest.swift in Sources */ = {isa = PBXBuildFile; fileRef = 503FA389298AF06E00171FD1 /* RMRequest.swift */; };
		506E3529298AE0B3008118C7 /* AppDelegate.swift in Sources */ = {isa = PBXBuildFile; fileRef = 506E3528298AE0B3008118C7 /* AppDelegate.swift */; };
		506E352B298AE0B3008118C7 /* SceneDelegate.swift in Sources */ = {isa = PBXBuildFile; fileRef = 506E352A298AE0B3008118C7 /* SceneDelegate.swift */; };
		506E352D298AE0B3008118C7 /* ViewController.swift in Sources */ = {isa = PBXBuildFile; fileRef = 506E352C298AE0B3008118C7 /* ViewController.swift */; };
		506E3532298AE0B5008118C7 /* Assets.xcassets in Resources */ = {isa = PBXBuildFile; fileRef = 506E3531298AE0B5008118C7 /* Assets.xcassets */; };
		506E3535298AE0B5008118C7 /* LaunchScreen.storyboard in Resources */ = {isa = PBXBuildFile; fileRef = 506E3533298AE0B5008118C7 /* LaunchScreen.storyboard */; };
		506E3543298AE6D8008118C7 /* RMCharacter.swift in Sources */ = {isa = PBXBuildFile; fileRef = 506E3542298AE6D8008118C7 /* RMCharacter.swift */; };
		506E3545298AE6FC008118C7 /* RMEpisode.swift in Sources */ = {isa = PBXBuildFile; fileRef = 506E3544298AE6FC008118C7 /* RMEpisode.swift */; };
		506E3547298AE708008118C7 /* RMLocation.swift in Sources */ = {isa = PBXBuildFile; fileRef = 506E3546298AE708008118C7 /* RMLocation.swift */; };
		506E3549298AE717008118C7 /* RMInfosection.swift in Sources */ = {isa = PBXBuildFile; fileRef = 506E3548298AE717008118C7 /* RMInfosection.swift */; };
		506E354B298AE789008118C7 /* RMCharactersModel.swift in Sources */ = {isa = PBXBuildFile; fileRef = 506E354A298AE789008118C7 /* RMCharactersModel.swift */; };
/* End PBXBuildFile section */

/* Begin PBXFileReference section */
		5022826829981DFA00B4B02C /* RMCollectionCell.swift */ = {isa = PBXFileReference; lastKnownFileType = sourcecode.swift; path = RMCollectionCell.swift; sourceTree = "<group>"; };
		503FA387298AF06200171FD1 /* RMNetworkManager.swift */ = {isa = PBXFileReference; lastKnownFileType = sourcecode.swift; path = RMNetworkManager.swift; sourceTree = "<group>"; };
		503FA389298AF06E00171FD1 /* RMRequest.swift */ = {isa = PBXFileReference; lastKnownFileType = sourcecode.swift; path = RMRequest.swift; sourceTree = "<group>"; };
		506E3525298AE0B3008118C7 /* RickAndMotryApp.app */ = {isa = PBXFileReference; explicitFileType = wrapper.application; includeInIndex = 0; path = RickAndMotryApp.app; sourceTree = BUILT_PRODUCTS_DIR; };
		506E3528298AE0B3008118C7 /* AppDelegate.swift */ = {isa = PBXFileReference; lastKnownFileType = sourcecode.swift; path = AppDelegate.swift; sourceTree = "<group>"; };
		506E352A298AE0B3008118C7 /* SceneDelegate.swift */ = {isa = PBXFileReference; lastKnownFileType = sourcecode.swift; path = SceneDelegate.swift; sourceTree = "<group>"; };
		506E352C298AE0B3008118C7 /* ViewController.swift */ = {isa = PBXFileReference; lastKnownFileType = sourcecode.swift; path = ViewController.swift; sourceTree = "<group>"; };
		506E3531298AE0B5008118C7 /* Assets.xcassets */ = {isa = PBXFileReference; lastKnownFileType = folder.assetcatalog; path = Assets.xcassets; sourceTree = "<group>"; };
		506E3534298AE0B5008118C7 /* Base */ = {isa = PBXFileReference; lastKnownFileType = file.storyboard; name = Base; path = Base.lproj/LaunchScreen.storyboard; sourceTree = "<group>"; };
		506E3536298AE0B5008118C7 /* Info.plist */ = {isa = PBXFileReference; lastKnownFileType = text.plist.xml; path = Info.plist; sourceTree = "<group>"; };
		506E3542298AE6D8008118C7 /* RMCharacter.swift */ = {isa = PBXFileReference; lastKnownFileType = sourcecode.swift; path = RMCharacter.swift; sourceTree = "<group>"; };
		506E3544298AE6FC008118C7 /* RMEpisode.swift */ = {isa = PBXFileReference; lastKnownFileType = sourcecode.swift; path = RMEpisode.swift; sourceTree = "<group>"; };
		506E3546298AE708008118C7 /* RMLocation.swift */ = {isa = PBXFileReference; lastKnownFileType = sourcecode.swift; path = RMLocation.swift; sourceTree = "<group>"; };
		506E3548298AE717008118C7 /* RMInfosection.swift */ = {isa = PBXFileReference; lastKnownFileType = sourcecode.swift; path = RMInfosection.swift; sourceTree = "<group>"; };
		506E354A298AE789008118C7 /* RMCharactersModel.swift */ = {isa = PBXFileReference; lastKnownFileType = sourcecode.swift; path = RMCharactersModel.swift; sourceTree = "<group>"; };
/* End PBXFileReference section */

/* Begin PBXFrameworksBuildPhase section */
		506E3522298AE0B3008118C7 /* Frameworks */ = {
			isa = PBXFrameworksBuildPhase;
			buildActionMask = 2147483647;
			files = (
			);
			runOnlyForDeploymentPostprocessing = 0;
		};
/* End PBXFrameworksBuildPhase section */

/* Begin PBXGroup section */
		5022826729981DCE00B4B02C /* Views */ = {
			isa = PBXGroup;
			children = (
				5022826829981DFA00B4B02C /* RMCollectionCell.swift */,
			);
			path = Views;
			sourceTree = "<group>";
		};
		506E351C298AE0B3008118C7 = {
			isa = PBXGroup;
			children = (
				506E3527298AE0B3008118C7 /* RickAndMotryApp */,
				506E3526298AE0B3008118C7 /* Products */,
			);
			sourceTree = "<group>";
		};
		506E3526298AE0B3008118C7 /* Products */ = {
			isa = PBXGroup;
			children = (
				506E3525298AE0B3008118C7 /* RickAndMotryApp.app */,
			);
			name = Products;
			sourceTree = "<group>";
		};
		506E3527298AE0B3008118C7 /* RickAndMotryApp */ = {
			isa = PBXGroup;
			children = (
				506E353C298AE0D5008118C7 /* App */,
				506E353E298AE0F0008118C7 /* ViewControllers */,
				506E353F298AE0FF008118C7 /* StoryBoards */,
				506E3540298AE10F008118C7 /* NetworkManagers */,
				506E3541298AE11A008118C7 /* Settings */,
				506E353D298AE0E8008118C7 /* Models */,
			);
			path = RickAndMotryApp;
			sourceTree = "<group>";
		};
		506E353C298AE0D5008118C7 /* App */ = {
			isa = PBXGroup;
			children = (
				506E3528298AE0B3008118C7 /* AppDelegate.swift */,
				506E352A298AE0B3008118C7 /* SceneDelegate.swift */,
			);
			path = App;
			sourceTree = "<group>";
		};
		506E353D298AE0E8008118C7 /* Models */ = {
			isa = PBXGroup;
			children = (
				506E3542298AE6D8008118C7 /* RMCharacter.swift */,
				506E3544298AE6FC008118C7 /* RMEpisode.swift */,
				506E3546298AE708008118C7 /* RMLocation.swift */,
				506E3548298AE717008118C7 /* RMInfosection.swift */,
				506E354A298AE789008118C7 /* RMCharactersModel.swift */,
			);
			path = Models;
			sourceTree = "<group>";
		};
		506E353E298AE0F0008118C7 /* ViewControllers */ = {
			isa = PBXGroup;
			children = (
				5022826729981DCE00B4B02C /* Views */,
				506E352C298AE0B3008118C7 /* ViewController.swift */,
			);
			path = ViewControllers;
			sourceTree = "<group>";
		};
		506E353F298AE0FF008118C7 /* StoryBoards */ = {
			isa = PBXGroup;
			children = (
				506E3533298AE0B5008118C7 /* LaunchScreen.storyboard */,
			);
			path = StoryBoards;
			sourceTree = "<group>";
		};
		506E3540298AE10F008118C7 /* NetworkManagers */ = {
			isa = PBXGroup;
			children = (
				503FA387298AF06200171FD1 /* RMNetworkManager.swift */,
				503FA389298AF06E00171FD1 /* RMRequest.swift */,
			);
			path = NetworkManagers;
			sourceTree = "<group>";
		};
		506E3541298AE11A008118C7 /* Settings */ = {
			isa = PBXGroup;
			children = (
				506E3536298AE0B5008118C7 /* Info.plist */,
				506E3531298AE0B5008118C7 /* Assets.xcassets */,
			);
			path = Settings;
			sourceTree = "<group>";
		};
/* End PBXGroup section */

/* Begin PBXNativeTarget section */
		506E3524298AE0B3008118C7 /* RickAndMotryApp */ = {
			isa = PBXNativeTarget;
			buildConfigurationList = 506E3539298AE0B5008118C7 /* Build configuration list for PBXNativeTarget "RickAndMotryApp" */;
			buildPhases = (
				506E3521298AE0B3008118C7 /* Sources */,
				506E3522298AE0B3008118C7 /* Frameworks */,
				506E3523298AE0B3008118C7 /* Resources */,
			);
			buildRules = (
			);
			dependencies = (
			);
			name = RickAndMotryApp;
			productName = RickAndMotryApp;
			productReference = 506E3525298AE0B3008118C7 /* RickAndMotryApp.app */;
			productType = "com.apple.product-type.application";
		};
/* End PBXNativeTarget section */

/* Begin PBXProject section */
		506E351D298AE0B3008118C7 /* Project object */ = {
			isa = PBXProject;
			attributes = {
				BuildIndependentTargetsInParallel = 1;
				LastSwiftUpdateCheck = 1420;
				LastUpgradeCheck = 1420;
				TargetAttributes = {
					506E3524298AE0B3008118C7 = {
						CreatedOnToolsVersion = 14.2;
					};
				};
			};
			buildConfigurationList = 506E3520298AE0B3008118C7 /* Build configuration list for PBXProject "RickAndMotryApp" */;
			compatibilityVersion = "Xcode 14.0";
			developmentRegion = en;
			hasScannedForEncodings = 0;
			knownRegions = (
				en,
				Base,
			);
			mainGroup = 506E351C298AE0B3008118C7;
			productRefGroup = 506E3526298AE0B3008118C7 /* Products */;
			projectDirPath = "";
			projectRoot = "";
			targets = (
				506E3524298AE0B3008118C7 /* RickAndMotryApp */,
			);
		};
/* End PBXProject section */

/* Begin PBXResourcesBuildPhase section */
		506E3523298AE0B3008118C7 /* Resources */ = {
			isa = PBXResourcesBuildPhase;
			buildActionMask = 2147483647;
			files = (
				506E3535298AE0B5008118C7 /* LaunchScreen.storyboard in Resources */,
				506E3532298AE0B5008118C7 /* Assets.xcassets in Resources */,
			);
			runOnlyForDeploymentPostprocessing = 0;
		};
/* End PBXResourcesBuildPhase section */

/* Begin PBXSourcesBuildPhase section */
		506E3521298AE0B3008118C7 /* Sources */ = {
			isa = PBXSourcesBuildPhase;
			buildActionMask = 2147483647;
			files = (
				506E3543298AE6D8008118C7 /* RMCharacter.swift in Sources */,
				506E3549298AE717008118C7 /* RMInfosection.swift in Sources */,
				503FA38A298AF06E00171FD1 /* RMRequest.swift in Sources */,
				506E354B298AE789008118C7 /* RMCharactersModel.swift in Sources */,
				506E3547298AE708008118C7 /* RMLocation.swift in Sources */,
				506E352D298AE0B3008118C7 /* ViewController.swift in Sources */,
				506E3545298AE6FC008118C7 /* RMEpisode.swift in Sources */,
				503FA388298AF06200171FD1 /* RMNetworkManager.swift in Sources */,
				506E3529298AE0B3008118C7 /* AppDelegate.swift in Sources */,
				506E352B298AE0B3008118C7 /* SceneDelegate.swift in Sources */,
				5022826929981DFA00B4B02C /* RMCollectionCell.swift in Sources */,
			);
			runOnlyForDeploymentPostprocessing = 0;
		};
/* End PBXSourcesBuildPhase section */

/* Begin PBXVariantGroup section */
		506E3533298AE0B5008118C7 /* LaunchScreen.storyboard */ = {
			isa = PBXVariantGroup;
			children = (
				506E3534298AE0B5008118C7 /* Base */,
			);
			name = LaunchScreen.storyboard;
			sourceTree = "<group>";
		};
/* End PBXVariantGroup section */

/* Begin XCBuildConfiguration section */
		506E3537298AE0B5008118C7 /* Debug */ = {
			isa = XCBuildConfiguration;
			buildSettings = {
				ALWAYS_SEARCH_USER_PATHS = NO;
				CLANG_ANALYZER_NONNULL = YES;
				CLANG_ANALYZER_NUMBER_OBJECT_CONVERSION = YES_AGGRESSIVE;
				CLANG_CXX_LANGUAGE_STANDARD = "gnu++20";
				CLANG_ENABLE_MODULES = YES;
				CLANG_ENABLE_OBJC_ARC = YES;
				CLANG_ENABLE_OBJC_WEAK = YES;
				CLANG_WARN_BLOCK_CAPTURE_AUTORELEASING = YES;
				CLANG_WARN_BOOL_CONVERSION = YES;
				CLANG_WARN_COMMA = YES;
				CLANG_WARN_CONSTANT_CONVERSION = YES;
				CLANG_WARN_DEPRECATED_OBJC_IMPLEMENTATIONS = YES;
				CLANG_WARN_DIRECT_OBJC_ISA_USAGE = YES_ERROR;
				CLANG_WARN_DOCUMENTATION_COMMENTS = YES;
				CLANG_WARN_EMPTY_BODY = YES;
				CLANG_WARN_ENUM_CONVERSION = YES;
				CLANG_WARN_INFINITE_RECURSION = YES;
				CLANG_WARN_INT_CONVERSION = YES;
				CLANG_WARN_NON_LITERAL_NULL_CONVERSION = YES;
				CLANG_WARN_OBJC_IMPLICIT_RETAIN_SELF = YES;
				CLANG_WARN_OBJC_LITERAL_CONVERSION = YES;
				CLANG_WARN_OBJC_ROOT_CLASS = YES_ERROR;
				CLANG_WARN_QUOTED_INCLUDE_IN_FRAMEWORK_HEADER = YES;
				CLANG_WARN_RANGE_LOOP_ANALYSIS = YES;
				CLANG_WARN_STRICT_PROTOTYPES = YES;
				CLANG_WARN_SUSPICIOUS_MOVE = YES;
				CLANG_WARN_UNGUARDED_AVAILABILITY = YES_AGGRESSIVE;
				CLANG_WARN_UNREACHABLE_CODE = YES;
				CLANG_WARN__DUPLICATE_METHOD_MATCH = YES;
				COPY_PHASE_STRIP = NO;
				DEBUG_INFORMATION_FORMAT = dwarf;
				ENABLE_STRICT_OBJC_MSGSEND = YES;
				ENABLE_TESTABILITY = YES;
				GCC_C_LANGUAGE_STANDARD = gnu11;
				GCC_DYNAMIC_NO_PIC = NO;
				GCC_NO_COMMON_BLOCKS = YES;
				GCC_OPTIMIZATION_LEVEL = 0;
				GCC_PREPROCESSOR_DEFINITIONS = (
					"DEBUG=1",
					"$(inherited)",
				);
				GCC_WARN_64_TO_32_BIT_CONVERSION = YES;
				GCC_WARN_ABOUT_RETURN_TYPE = YES_ERROR;
				GCC_WARN_UNDECLARED_SELECTOR = YES;
				GCC_WARN_UNINITIALIZED_AUTOS = YES_AGGRESSIVE;
				GCC_WARN_UNUSED_FUNCTION = YES;
				GCC_WARN_UNUSED_VARIABLE = YES;
				IPHONEOS_DEPLOYMENT_TARGET = 16.2;
				MTL_ENABLE_DEBUG_INFO = INCLUDE_SOURCE;
				MTL_FAST_MATH = YES;
				ONLY_ACTIVE_ARCH = YES;
				SDKROOT = iphoneos;
				SWIFT_ACTIVE_COMPILATION_CONDITIONS = DEBUG;
				SWIFT_OPTIMIZATION_LEVEL = "-Onone";
			};
			name = Debug;
		};
		506E3538298AE0B5008118C7 /* Release */ = {
			isa = XCBuildConfiguration;
			buildSettings = {
				ALWAYS_SEARCH_USER_PATHS = NO;
				CLANG_ANALYZER_NONNULL = YES;
				CLANG_ANALYZER_NUMBER_OBJECT_CONVERSION = YES_AGGRESSIVE;
				CLANG_CXX_LANGUAGE_STANDARD = "gnu++20";
				CLANG_ENABLE_MODULES = YES;
				CLANG_ENABLE_OBJC_ARC = YES;
				CLANG_ENABLE_OBJC_WEAK = YES;
				CLANG_WARN_BLOCK_CAPTURE_AUTORELEASING = YES;
				CLANG_WARN_BOOL_CONVERSION = YES;
				CLANG_WARN_COMMA = YES;
				CLANG_WARN_CONSTANT_CONVERSION = YES;
				CLANG_WARN_DEPRECATED_OBJC_IMPLEMENTATIONS = YES;
				CLANG_WARN_DIRECT_OBJC_ISA_USAGE = YES_ERROR;
				CLANG_WARN_DOCUMENTATION_COMMENTS = YES;
				CLANG_WARN_EMPTY_BODY = YES;
				CLANG_WARN_ENUM_CONVERSION = YES;
				CLANG_WARN_INFINITE_RECURSION = YES;
				CLANG_WARN_INT_CONVERSION = YES;
				CLANG_WARN_NON_LITERAL_NULL_CONVERSION = YES;
				CLANG_WARN_OBJC_IMPLICIT_RETAIN_SELF = YES;
				CLANG_WARN_OBJC_LITERAL_CONVERSION = YES;
				CLANG_WARN_OBJC_ROOT_CLASS = YES_ERROR;
				CLANG_WARN_QUOTED_INCLUDE_IN_FRAMEWORK_HEADER = YES;
				CLANG_WARN_RANGE_LOOP_ANALYSIS = YES;
				CLANG_WARN_STRICT_PROTOTYPES = YES;
				CLANG_WARN_SUSPICIOUS_MOVE = YES;
				CLANG_WARN_UNGUARDED_AVAILABILITY = YES_AGGRESSIVE;
				CLANG_WARN_UNREACHABLE_CODE = YES;
				CLANG_WARN__DUPLICATE_METHOD_MATCH = YES;
				COPY_PHASE_STRIP = NO;
				DEBUG_INFORMATION_FORMAT = "dwarf-with-dsym";
				ENABLE_NS_ASSERTIONS = NO;
				ENABLE_STRICT_OBJC_MSGSEND = YES;
				GCC_C_LANGUAGE_STANDARD = gnu11;
				GCC_NO_COMMON_BLOCKS = YES;
				GCC_WARN_64_TO_32_BIT_CONVERSION = YES;
				GCC_WARN_ABOUT_RETURN_TYPE = YES_ERROR;
				GCC_WARN_UNDECLARED_SELECTOR = YES;
				GCC_WARN_UNINITIALIZED_AUTOS = YES_AGGRESSIVE;
				GCC_WARN_UNUSED_FUNCTION = YES;
				GCC_WARN_UNUSED_VARIABLE = YES;
				IPHONEOS_DEPLOYMENT_TARGET = 16.2;
				MTL_ENABLE_DEBUG_INFO = NO;
				MTL_FAST_MATH = YES;
				SDKROOT = iphoneos;
				SWIFT_COMPILATION_MODE = wholemodule;
				SWIFT_OPTIMIZATION_LEVEL = "-O";
				VALIDATE_PRODUCT = YES;
			};
			name = Release;
		};
		506E353A298AE0B5008118C7 /* Debug */ = {
			isa = XCBuildConfiguration;
			buildSettings = {
				ASSETCATALOG_COMPILER_APPICON_NAME = AppIcon;
				ASSETCATALOG_COMPILER_GLOBAL_ACCENT_COLOR_NAME = AccentColor;
				CODE_SIGN_STYLE = Automatic;
				CURRENT_PROJECT_VERSION = 1;
				DEVELOPMENT_TEAM = 6LZAUAH37N;
				GENERATE_INFOPLIST_FILE = YES;
				INFOPLIST_FILE = RickAndMotryApp/Settings/Info.plist;
				INFOPLIST_KEY_UIApplicationSupportsIndirectInputEvents = YES;
				INFOPLIST_KEY_UILaunchStoryboardName = LaunchScreen;
				INFOPLIST_KEY_UISupportedInterfaceOrientations = UIInterfaceOrientationPortrait;
				INFOPLIST_KEY_UISupportedInterfaceOrientations_iPad = "UIInterfaceOrientationLandscapeLeft UIInterfaceOrientationLandscapeRight UIInterfaceOrientationPortrait UIInterfaceOrientationPortraitUpsideDown";
				LD_RUNPATH_SEARCH_PATHS = (
					"$(inherited)",
					"@executable_path/Frameworks",
				);
				MARKETING_VERSION = 1.0;
				PRODUCT_BUNDLE_IDENTIFIER = my.RickAndMotryApp;
				PRODUCT_NAME = "$(TARGET_NAME)";
				SUPPORTED_PLATFORMS = "iphoneos iphonesimulator";
				SUPPORTS_MACCATALYST = NO;
				SUPPORTS_MAC_DESIGNED_FOR_IPHONE_IPAD = YES;
				SWIFT_EMIT_LOC_STRINGS = YES;
				SWIFT_VERSION = 5.0;
				TARGETED_DEVICE_FAMILY = 1;
			};
			name = Debug;
		};
		506E353B298AE0B5008118C7 /* Release */ = {
			isa = XCBuildConfiguration;
			buildSettings = {
				ASSETCATALOG_COMPILER_APPICON_NAME = AppIcon;
				ASSETCATALOG_COMPILER_GLOBAL_ACCENT_COLOR_NAME = AccentColor;
				CODE_SIGN_STYLE = Automatic;
				CURRENT_PROJECT_VERSION = 1;
				DEVELOPMENT_TEAM = 6LZAUAH37N;
				GENERATE_INFOPLIST_FILE = YES;
				INFOPLIST_FILE = RickAndMotryApp/Settings/Info.plist;
				INFOPLIST_KEY_UIApplicationSupportsIndirectInputEvents = YES;
				INFOPLIST_KEY_UILaunchStoryboardName = LaunchScreen;
				INFOPLIST_KEY_UISupportedInterfaceOrientations = UIInterfaceOrientationPortrait;
				INFOPLIST_KEY_UISupportedInterfaceOrientations_iPad = "UIInterfaceOrientationLandscapeLeft UIInterfaceOrientationLandscapeRight UIInterfaceOrientationPortrait UIInterfaceOrientationPortraitUpsideDown";
				LD_RUNPATH_SEARCH_PATHS = (
					"$(inherited)",
					"@executable_path/Frameworks",
				);
				MARKETING_VERSION = 1.0;
				PRODUCT_BUNDLE_IDENTIFIER = my.RickAndMotryApp;
				PRODUCT_NAME = "$(TARGET_NAME)";
				SUPPORTED_PLATFORMS = "iphoneos iphonesimulator";
				SUPPORTS_MACCATALYST = NO;
				SUPPORTS_MAC_DESIGNED_FOR_IPHONE_IPAD = YES;
				SWIFT_EMIT_LOC_STRINGS = YES;
				SWIFT_VERSION = 5.0;
				TARGETED_DEVICE_FAMILY = 1;
			};
			name = Release;
		};
/* End XCBuildConfiguration section */

/* Begin XCConfigurationList section */
		506E3520298AE0B3008118C7 /* Build configuration list for PBXProject "RickAndMotryApp" */ = {
			isa = XCConfigurationList;
			buildConfigurations = (
				506E3537298AE0B5008118C7 /* Debug */,
				506E3538298AE0B5008118C7 /* Release */,
			);
			defaultConfigurationIsVisible = 0;
			defaultConfigurationName = Release;
		};
		506E3539298AE0B5008118C7 /* Build configuration list for PBXNativeTarget "RickAndMotryApp" */ = {
			isa = XCConfigurationList;
			buildConfigurations = (
				506E353A298AE0B5008118C7 /* Debug */,
				506E353B298AE0B5008118C7 /* Release */,
			);
			defaultConfigurationIsVisible = 0;
			defaultConfigurationName = Release;
		};
/* End XCConfigurationList section */
	};
	rootObject = 506E351D298AE0B3008118C7 /* Project object */;
}
